
Microsoft Visual Studio Solution File, Format Version 12.00
# Visual Studio Version 17
VisualStudioVersion = 17.0.31919.166
MinimumVisualStudioVersion = 10.0.40219.1
Project("{FAE04EC0-301F-11D3-BF4B-00C04F79EFBC}") = "GreetingApp", "GreetingApp\GreetingApp.csproj", "{A92249B3-A95E-4F7E-9B88-870ECB0C4BE9}"
EndProject
Project("{FAE04EC0-301F-11D3-BF4B-00C04F79EFBC}") = "GreetingAppPractice", "GreetingAppPractice\GreetingAppPractice.csproj", "{954B884A-5B97-4EB4-A09C-D7A7AAFF7B66}"
EndProject
Global
	GlobalSection(SolutionConfigurationPlatforms) = preSolution
		Debug|Any CPU = Debug|Any CPU
		Release|Any CPU = Release|Any CPU
	EndGlobalSection
	GlobalSection(ProjectConfigurationPlatforms) = postSolution
		{A92249B3-A95E-4F7E-9B88-870ECB0C4BE9}.Debug|Any CPU.ActiveCfg = Debug|Any CPU
		{A92249B3-A95E-4F7E-9B88-870ECB0C4BE9}.Debug|Any CPU.Build.0 = Debug|Any CPU
		{A92249B3-A95E-4F7E-9B88-870ECB0C4BE9}.Release|Any CPU.ActiveCfg = Release|Any CPU
		{A92249B3-A95E-4F7E-9B88-870ECB0C4BE9}.Release|Any CPU.Build.0 = Release|Any CPU
		{954B884A-5B97-4EB4-A09C-D7A7AAFF7B66}.Debug|Any CPU.ActiveCfg = Debug|Any CPU
		{954B884A-5B97-4EB4-A09C-D7A7AAFF7B66}.Debug|Any CPU.Build.0 = Debug|Any CPU
		{954B884A-5B97-4EB4-A09C-D7A7AAFF7B66}.Release|Any CPU.ActiveCfg = Release|Any CPU
		{954B884A-5B97-4EB4-A09C-D7A7AAFF7B66}.Release|Any CPU.Build.0 = Release|Any CPU
	EndGlobalSection
	GlobalSection(SolutionProperties) = preSolution
		HideSolutionNode = FALSE
	EndGlobalSection
	GlobalSection(ExtensibilityGlobals) = postSolution
		SolutionGuid = {2440247A-C513-4722-B386-DA46CCCD0166}
	EndGlobalSection
EndGlobal
